// !$*UTF8*$!
{
	archiveVersion = 1;
	classes = {
	};
	objectVersion = 56;
	objects = {

/* Begin PBXBuildFile section */
		378CDC632987FDE200FF1B37 /* AppDelegate.swift in Sources */ = {isa = PBXBuildFile; fileRef = 378CDC622987FDE200FF1B37 /* AppDelegate.swift */; };
		378CDC652987FDE200FF1B37 /* SceneDelegate.swift in Sources */ = {isa = PBXBuildFile; fileRef = 378CDC642987FDE200FF1B37 /* SceneDelegate.swift */; };
		378CDC672987FDE200FF1B37 /* CameraViewController.swift in Sources */ = {isa = PBXBuildFile; fileRef = 378CDC662987FDE200FF1B37 /* CameraViewController.swift */; };
		378CDC6C2987FDE300FF1B37 /* Assets.xcassets in Resources */ = {isa = PBXBuildFile; fileRef = 378CDC6B2987FDE300FF1B37 /* Assets.xcassets */; };
		378CDC6F2987FDE300FF1B37 /* LaunchScreen.storyboard in Resources */ = {isa = PBXBuildFile; fileRef = 378CDC6D2987FDE300FF1B37 /* LaunchScreen.storyboard */; };
		378CDC7D298826F100FF1B37 /* BottomView.swift in Sources */ = {isa = PBXBuildFile; fileRef = 378CDC7C298826F100FF1B37 /* BottomView.swift */; };
		378CDC7F2988273800FF1B37 /* BaseView.swift in Sources */ = {isa = PBXBuildFile; fileRef = 378CDC7E2988273800FF1B37 /* BaseView.swift */; };
		378CDC8129882C7F00FF1B37 /* CaptureButton.swift in Sources */ = {isa = PBXBuildFile; fileRef = 378CDC8029882C7F00FF1B37 /* CaptureButton.swift */; };
		3794DDA6298A940D00DA0BE7 /* CameraService.swift in Sources */ = {isa = PBXBuildFile; fileRef = 3794DDA5298A940D00DA0BE7 /* CameraService.swift */; };
		3794DDAB298AA9C300DA0BE7 /* BrowsingViewController.swift in Sources */ = {isa = PBXBuildFile; fileRef = 3794DDAA298AA9C300DA0BE7 /* BrowsingViewController.swift */; };
/* End PBXBuildFile section */

/* Begin PBXFileReference section */
		378CDC5F2987FDE200FF1B37 /* CameraApp.app */ = {isa = PBXFileReference; explicitFileType = wrapper.application; includeInIndex = 0; path = CameraApp.app; sourceTree = BUILT_PRODUCTS_DIR; };
		378CDC622987FDE200FF1B37 /* AppDelegate.swift */ = {isa = PBXFileReference; lastKnownFileType = sourcecode.swift; path = AppDelegate.swift; sourceTree = "<group>"; };
		378CDC642987FDE200FF1B37 /* SceneDelegate.swift */ = {isa = PBXFileReference; lastKnownFileType = sourcecode.swift; path = SceneDelegate.swift; sourceTree = "<group>"; };
		378CDC662987FDE200FF1B37 /* CameraViewController.swift */ = {isa = PBXFileReference; lastKnownFileType = sourcecode.swift; path = CameraViewController.swift; sourceTree = "<group>"; };
		378CDC6B2987FDE300FF1B37 /* Assets.xcassets */ = {isa = PBXFileReference; lastKnownFileType = folder.assetcatalog; path = Assets.xcassets; sourceTree = "<group>"; };
		378CDC6E2987FDE300FF1B37 /* Base */ = {isa = PBXFileReference; lastKnownFileType = file.storyboard; name = Base; path = Base.lproj/LaunchScreen.storyboard; sourceTree = "<group>"; };
		378CDC702987FDE300FF1B37 /* Info.plist */ = {isa = PBXFileReference; lastKnownFileType = text.plist.xml; path = Info.plist; sourceTree = "<group>"; };
		378CDC7C298826F100FF1B37 /* BottomView.swift */ = {isa = PBXFileReference; lastKnownFileType = sourcecode.swift; path = BottomView.swift; sourceTree = "<group>"; };
		378CDC7E2988273800FF1B37 /* BaseView.swift */ = {isa = PBXFileReference; lastKnownFileType = sourcecode.swift; path = BaseView.swift; sourceTree = "<group>"; };
		378CDC8029882C7F00FF1B37 /* CaptureButton.swift */ = {isa = PBXFileReference; lastKnownFileType = sourcecode.swift; path = CaptureButton.swift; sourceTree = "<group>"; };
		3794DDA5298A940D00DA0BE7 /* CameraService.swift */ = {isa = PBXFileReference; lastKnownFileType = sourcecode.swift; path = CameraService.swift; sourceTree = "<group>"; };
		3794DDAA298AA9C300DA0BE7 /* BrowsingViewController.swift */ = {isa = PBXFileReference; lastKnownFileType = sourcecode.swift; path = BrowsingViewController.swift; sourceTree = "<group>"; };
/* End PBXFileReference section */

/* Begin PBXFrameworksBuildPhase section */
		378CDC5C2987FDE200FF1B37 /* Frameworks */ = {
			isa = PBXFrameworksBuildPhase;
			buildActionMask = 2147483647;
			files = (
			);
			runOnlyForDeploymentPostprocessing = 0;
		};
/* End PBXFrameworksBuildPhase section */

/* Begin PBXGroup section */
		378CDC562987FDE200FF1B37 = {
			isa = PBXGroup;
			children = (
				378CDC612987FDE200FF1B37 /* CameraApp */,
				378CDC602987FDE200FF1B37 /* Products */,
			);
			sourceTree = "<group>";
		};
		378CDC602987FDE200FF1B37 /* Products */ = {
			isa = PBXGroup;
			children = (
				378CDC5F2987FDE200FF1B37 /* CameraApp.app */,
			);
			name = Products;
			sourceTree = "<group>";
		};
		378CDC612987FDE200FF1B37 /* CameraApp */ = {
			isa = PBXGroup;
			children = (
				3794DDAD298AB0EB00DA0BE7 /* Services */,
				3794DDAC298AAF4500DA0BE7 /* UI */,
				378CDC7A29881FF700FF1B37 /* Supporting Files */,
				378CDC702987FDE300FF1B37 /* Info.plist */,
			);
			path = CameraApp;
			sourceTree = "<group>";
		};
		378CDC7A29881FF700FF1B37 /* Supporting Files */ = {
			isa = PBXGroup;
			children = (
				378CDC622987FDE200FF1B37 /* AppDelegate.swift */,
				378CDC642987FDE200FF1B37 /* SceneDelegate.swift */,
				378CDC6B2987FDE300FF1B37 /* Assets.xcassets */,
				378CDC6D2987FDE300FF1B37 /* LaunchScreen.storyboard */,
			);
			path = "Supporting Files";
			sourceTree = "<group>";
		};
		378CDC7B2988200400FF1B37 /* Views */ = {
			isa = PBXGroup;
			children = (
				378CDC7E2988273800FF1B37 /* BaseView.swift */,
				3794DDA9298A95AC00DA0BE7 /* Bottom View */,
			);
			path = Views;
			sourceTree = "<group>";
		};
		3794DDA9298A95AC00DA0BE7 /* Bottom View */ = {
			isa = PBXGroup;
			children = (
				378CDC7C298826F100FF1B37 /* BottomView.swift */,
				378CDC8029882C7F00FF1B37 /* CaptureButton.swift */,
			);
			path = "Bottom View";
			sourceTree = "<group>";
		};
		3794DDAC298AAF4500DA0BE7 /* UI */ = {
			isa = PBXGroup;
			children = (
				378CDC7B2988200400FF1B37 /* Views */,
				378CDC662987FDE200FF1B37 /* CameraViewController.swift */,
				3794DDAA298AA9C300DA0BE7 /* BrowsingViewController.swift */,
			);
			path = UI;
			sourceTree = "<group>";
		};
		3794DDAD298AB0EB00DA0BE7 /* Services */ = {
			isa = PBXGroup;
			children = (
				3794DDA5298A940D00DA0BE7 /* CameraService.swift */,
			);
			path = Services;
			sourceTree = "<group>";
		};
/* End PBXGroup section */

/* Begin PBXNativeTarget section */
		378CDC5E2987FDE200FF1B37 /* CameraApp */ = {
			isa = PBXNativeTarget;
			buildConfigurationList = 378CDC732987FDE300FF1B37 /* Build configuration list for PBXNativeTarget "CameraApp" */;
			buildPhases = (
				378CDC5B2987FDE200FF1B37 /* Sources */,
				378CDC5C2987FDE200FF1B37 /* Frameworks */,
				378CDC5D2987FDE200FF1B37 /* Resources */,
			);
			buildRules = (
			);
			dependencies = (
			);
			name = CameraApp;
			productName = CameraApp;
			productReference = 378CDC5F2987FDE200FF1B37 /* CameraApp.app */;
			productType = "com.apple.product-type.application";
		};
/* End PBXNativeTarget section */

/* Begin PBXProject section */
		378CDC572987FDE200FF1B37 /* Project object */ = {
			isa = PBXProject;
			attributes = {
				BuildIndependentTargetsInParallel = 1;
				LastSwiftUpdateCheck = 1420;
				LastUpgradeCheck = 1420;
				TargetAttributes = {
					378CDC5E2987FDE200FF1B37 = {
						CreatedOnToolsVersion = 14.2;
					};
				};
			};
			buildConfigurationList = 378CDC5A2987FDE200FF1B37 /* Build configuration list for PBXProject "CameraApp" */;
			compatibilityVersion = "Xcode 14.0";
			developmentRegion = en;
			hasScannedForEncodings = 0;
			knownRegions = (
				en,
				Base,
			);
			mainGroup = 378CDC562987FDE200FF1B37;
			productRefGroup = 378CDC602987FDE200FF1B37 /* Products */;
			projectDirPath = "";
			projectRoot = "";
			targets = (
				378CDC5E2987FDE200FF1B37 /* CameraApp */,
			);
		};
/* End PBXProject section */

/* Begin PBXResourcesBuildPhase section */
		378CDC5D2987FDE200FF1B37 /* Resources */ = {
			isa = PBXResourcesBuildPhase;
			buildActionMask = 2147483647;
			files = (
				378CDC6F2987FDE300FF1B37 /* LaunchScreen.storyboard in Resources */,
				378CDC6C2987FDE300FF1B37 /* Assets.xcassets in Resources */,
			);
			runOnlyForDeploymentPostprocessing = 0;
		};
/* End PBXResourcesBuildPhase section */

/* Begin PBXSourcesBuildPhase section */
		378CDC5B2987FDE200FF1B37 /* Sources */ = {
			isa = PBXSourcesBuildPhase;
			buildActionMask = 2147483647;
			files = (
				378CDC672987FDE200FF1B37 /* CameraViewController.swift in Sources */,
				3794DDAB298AA9C300DA0BE7 /* BrowsingViewController.swift in Sources */,
				378CDC632987FDE200FF1B37 /* AppDelegate.swift in Sources */,
				378CDC7F2988273800FF1B37 /* BaseView.swift in Sources */,
				378CDC652987FDE200FF1B37 /* SceneDelegate.swift in Sources */,
				378CDC8129882C7F00FF1B37 /* CaptureButton.swift in Sources */,
				378CDC7D298826F100FF1B37 /* BottomView.swift in Sources */,
				3794DDA6298A940D00DA0BE7 /* CameraService.swift in Sources */,
			);
			runOnlyForDeploymentPostprocessing = 0;
		};
/* End PBXSourcesBuildPhase section */

/* Begin PBXVariantGroup section */
		378CDC6D2987FDE300FF1B37 /* LaunchScreen.storyboard */ = {
			isa = PBXVariantGroup;
			children = (
				378CDC6E2987FDE300FF1B37 /* Base */,
			);
			name = LaunchScreen.storyboard;
			sourceTree = "<group>";
		};
/* End PBXVariantGroup section */

/* Begin XCBuildConfiguration section */
		378CDC712987FDE300FF1B37 /* Debug */ = {
			isa = XCBuildConfiguration;
			buildSettings = {
				ALWAYS_SEARCH_USER_PATHS = NO;
				CLANG_ANALYZER_NONNULL = YES;
				CLANG_ANALYZER_NUMBER_OBJECT_CONVERSION = YES_AGGRESSIVE;
				CLANG_CXX_LANGUAGE_STANDARD = "gnu++20";
				CLANG_ENABLE_MODULES = YES;
				CLANG_ENABLE_OBJC_ARC = YES;
				CLANG_ENABLE_OBJC_WEAK = YES;
				CLANG_WARN_BLOCK_CAPTURE_AUTORELEASING = YES;
				CLANG_WARN_BOOL_CONVERSION = YES;
				CLANG_WARN_COMMA = YES;
				CLANG_WARN_CONSTANT_CONVERSION = YES;
				CLANG_WARN_DEPRECATED_OBJC_IMPLEMENTATIONS = YES;
				CLANG_WARN_DIRECT_OBJC_ISA_USAGE = YES_ERROR;
				CLANG_WARN_DOCUMENTATION_COMMENTS = YES;
				CLANG_WARN_EMPTY_BODY = YES;
				CLANG_WARN_ENUM_CONVERSION = YES;
				CLANG_WARN_INFINITE_RECURSION = YES;
				CLANG_WARN_INT_CONVERSION = YES;
				CLANG_WARN_NON_LITERAL_NULL_CONVERSION = YES;
				CLANG_WARN_OBJC_IMPLICIT_RETAIN_SELF = YES;
				CLANG_WARN_OBJC_LITERAL_CONVERSION = YES;
				CLANG_WARN_OBJC_ROOT_CLASS = YES_ERROR;
				CLANG_WARN_QUOTED_INCLUDE_IN_FRAMEWORK_HEADER = YES;
				CLANG_WARN_RANGE_LOOP_ANALYSIS = YES;
				CLANG_WARN_STRICT_PROTOTYPES = YES;
				CLANG_WARN_SUSPICIOUS_MOVE = YES;
				CLANG_WARN_UNGUARDED_AVAILABILITY = YES_AGGRESSIVE;
				CLANG_WARN_UNREACHABLE_CODE = YES;
				CLANG_WARN__DUPLICATE_METHOD_MATCH = YES;
				COPY_PHASE_STRIP = NO;
				DEBUG_INFORMATION_FORMAT = dwarf;
				ENABLE_STRICT_OBJC_MSGSEND = YES;
				ENABLE_TESTABILITY = YES;
				GCC_C_LANGUAGE_STANDARD = gnu11;
				GCC_DYNAMIC_NO_PIC = NO;
				GCC_NO_COMMON_BLOCKS = YES;
				GCC_OPTIMIZATION_LEVEL = 0;
				GCC_PREPROCESSOR_DEFINITIONS = (
					"DEBUG=1",
					"$(inherited)",
				);
				GCC_WARN_64_TO_32_BIT_CONVERSION = YES;
				GCC_WARN_ABOUT_RETURN_TYPE = YES_ERROR;
				GCC_WARN_UNDECLARED_SELECTOR = YES;
				GCC_WARN_UNINITIALIZED_AUTOS = YES_AGGRESSIVE;
				GCC_WARN_UNUSED_FUNCTION = YES;
				GCC_WARN_UNUSED_VARIABLE = YES;
				IPHONEOS_DEPLOYMENT_TARGET = 13.0;
				MTL_ENABLE_DEBUG_INFO = INCLUDE_SOURCE;
				MTL_FAST_MATH = YES;
				ONLY_ACTIVE_ARCH = YES;
				SDKROOT = iphoneos;
				SWIFT_ACTIVE_COMPILATION_CONDITIONS = DEBUG;
				SWIFT_OPTIMIZATION_LEVEL = "-Onone";
			};
			name = Debug;
		};
		378CDC722987FDE300FF1B37 /* Release */ = {
			isa = XCBuildConfiguration;
			buildSettings = {
				ALWAYS_SEARCH_USER_PATHS = NO;
				CLANG_ANALYZER_NONNULL = YES;
				CLANG_ANALYZER_NUMBER_OBJECT_CONVERSION = YES_AGGRESSIVE;
				CLANG_CXX_LANGUAGE_STANDARD = "gnu++20";
				CLANG_ENABLE_MODULES = YES;
				CLANG_ENABLE_OBJC_ARC = YES;
				CLANG_ENABLE_OBJC_WEAK = YES;
				CLANG_WARN_BLOCK_CAPTURE_AUTORELEASING = YES;
				CLANG_WARN_BOOL_CONVERSION = YES;
				CLANG_WARN_COMMA = YES;
				CLANG_WARN_CONSTANT_CONVERSION = YES;
				CLANG_WARN_DEPRECATED_OBJC_IMPLEMENTATIONS = YES;
				CLANG_WARN_DIRECT_OBJC_ISA_USAGE = YES_ERROR;
				CLANG_WARN_DOCUMENTATION_COMMENTS = YES;
				CLANG_WARN_EMPTY_BODY = YES;
				CLANG_WARN_ENUM_CONVERSION = YES;
				CLANG_WARN_INFINITE_RECURSION = YES;
				CLANG_WARN_INT_CONVERSION = YES;
				CLANG_WARN_NON_LITERAL_NULL_CONVERSION = YES;
				CLANG_WARN_OBJC_IMPLICIT_RETAIN_SELF = YES;
				CLANG_WARN_OBJC_LITERAL_CONVERSION = YES;
				CLANG_WARN_OBJC_ROOT_CLASS = YES_ERROR;
				CLANG_WARN_QUOTED_INCLUDE_IN_FRAMEWORK_HEADER = YES;
				CLANG_WARN_RANGE_LOOP_ANALYSIS = YES;
				CLANG_WARN_STRICT_PROTOTYPES = YES;
				CLANG_WARN_SUSPICIOUS_MOVE = YES;
				CLANG_WARN_UNGUARDED_AVAILABILITY = YES_AGGRESSIVE;
				CLANG_WARN_UNREACHABLE_CODE = YES;
				CLANG_WARN__DUPLICATE_METHOD_MATCH = YES;
				COPY_PHASE_STRIP = NO;
				DEBUG_INFORMATION_FORMAT = "dwarf-with-dsym";
				ENABLE_NS_ASSERTIONS = NO;
				ENABLE_STRICT_OBJC_MSGSEND = YES;
				GCC_C_LANGUAGE_STANDARD = gnu11;
				GCC_NO_COMMON_BLOCKS = YES;
				GCC_WARN_64_TO_32_BIT_CONVERSION = YES;
				GCC_WARN_ABOUT_RETURN_TYPE = YES_ERROR;
				GCC_WARN_UNDECLARED_SELECTOR = YES;
				GCC_WARN_UNINITIALIZED_AUTOS = YES_AGGRESSIVE;
				GCC_WARN_UNUSED_FUNCTION = YES;
				GCC_WARN_UNUSED_VARIABLE = YES;
				IPHONEOS_DEPLOYMENT_TARGET = 13.0;
				MTL_ENABLE_DEBUG_INFO = NO;
				MTL_FAST_MATH = YES;
				SDKROOT = iphoneos;
				SWIFT_COMPILATION_MODE = wholemodule;
				SWIFT_OPTIMIZATION_LEVEL = "-O";
				VALIDATE_PRODUCT = YES;
			};
			name = Release;
		};
		378CDC742987FDE300FF1B37 /* Debug */ = {
			isa = XCBuildConfiguration;
			buildSettings = {
				ASSETCATALOG_COMPILER_APPICON_NAME = AppIcon;
				ASSETCATALOG_COMPILER_GLOBAL_ACCENT_COLOR_NAME = AccentColor;
				CODE_SIGN_STYLE = Automatic;
				CURRENT_PROJECT_VERSION = 1;
				DEVELOPMENT_TEAM = V4N9PBR3L9;
				GENERATE_INFOPLIST_FILE = YES;
				INFOPLIST_FILE = CameraApp/Info.plist;
				INFOPLIST_KEY_CFBundleDisplayName = CameraApp;
				INFOPLIST_KEY_LSApplicationCategoryType = "public.app-category.photography";
				INFOPLIST_KEY_UIApplicationSupportsIndirectInputEvents = YES;
				INFOPLIST_KEY_UILaunchStoryboardName = LaunchScreen.storyboard;
				INFOPLIST_KEY_UISupportedInterfaceOrientations = "UIInterfaceOrientationLandscapeLeft UIInterfaceOrientationLandscapeRight UIInterfaceOrientationPortrait";
				INFOPLIST_KEY_UISupportedInterfaceOrientations_iPad = "UIInterfaceOrientationLandscapeLeft UIInterfaceOrientationLandscapeRight UIInterfaceOrientationPortrait UIInterfaceOrientationPortraitUpsideDown";
				LD_RUNPATH_SEARCH_PATHS = (
					"$(inherited)",
					"@executable_path/Frameworks",
				);
				MARKETING_VERSION = 0.3;
				PRODUCT_BUNDLE_IDENTIFIER = "com.idle-i.CameraApp";
				PRODUCT_NAME = "$(TARGET_NAME)";
				SUPPORTED_PLATFORMS = "iphoneos iphonesimulator";
				SUPPORTS_MACCATALYST = NO;
				SUPPORTS_MAC_DESIGNED_FOR_IPHONE_IPAD = NO;
				SWIFT_EMIT_LOC_STRINGS = YES;
				SWIFT_VERSION = 5.0;
				TARGETED_DEVICE_FAMILY = "1,2";
			};
			name = Debug;
		};
		378CDC752987FDE300FF1B37 /* Release */ = {
			isa = XCBuildConfiguration;
			buildSettings = {
				ASSETCATALOG_COMPILER_APPICON_NAME = AppIcon;
				ASSETCATALOG_COMPILER_GLOBAL_ACCENT_COLOR_NAME = AccentColor;
				CODE_SIGN_STYLE = Automatic;
				CURRENT_PROJECT_VERSION = 1;
				DEVELOPMENT_TEAM = V4N9PBR3L9;
				GENERATE_INFOPLIST_FILE = YES;
				INFOPLIST_FILE = CameraApp/Info.plist;
				INFOPLIST_KEY_CFBundleDisplayName = CameraApp;
				INFOPLIST_KEY_LSApplicationCategoryType = "public.app-category.photography";
				INFOPLIST_KEY_UIApplicationSupportsIndirectInputEvents = YES;
				INFOPLIST_KEY_UILaunchStoryboardName = LaunchScreen.storyboard;
				INFOPLIST_KEY_UISupportedInterfaceOrientations = "UIInterfaceOrientationLandscapeLeft UIInterfaceOrientationLandscapeRight UIInterfaceOrientationPortrait";
				INFOPLIST_KEY_UISupportedInterfaceOrientations_iPad = "UIInterfaceOrientationLandscapeLeft UIInterfaceOrientationLandscapeRight UIInterfaceOrientationPortrait UIInterfaceOrientationPortraitUpsideDown";
				LD_RUNPATH_SEARCH_PATHS = (
					"$(inherited)",
					"@executable_path/Frameworks",
				);
				MARKETING_VERSION = 0.3;
				PRODUCT_BUNDLE_IDENTIFIER = "com.idle-i.CameraApp";
				PRODUCT_NAME = "$(TARGET_NAME)";
				SUPPORTED_PLATFORMS = "iphoneos iphonesimulator";
				SUPPORTS_MACCATALYST = NO;
				SUPPORTS_MAC_DESIGNED_FOR_IPHONE_IPAD = NO;
				SWIFT_EMIT_LOC_STRINGS = YES;
				SWIFT_VERSION = 5.0;
				TARGETED_DEVICE_FAMILY = "1,2";
			};
			name = Release;
		};
/* End XCBuildConfiguration section */

/* Begin XCConfigurationList section */
		378CDC5A2987FDE200FF1B37 /* Build configuration list for PBXProject "CameraApp" */ = {
			isa = XCConfigurationList;
			buildConfigurations = (
				378CDC712987FDE300FF1B37 /* Debug */,
				378CDC722987FDE300FF1B37 /* Release */,
			);
			defaultConfigurationIsVisible = 0;
			defaultConfigurationName = Release;
		};
		378CDC732987FDE300FF1B37 /* Build configuration list for PBXNativeTarget "CameraApp" */ = {
			isa = XCConfigurationList;
			buildConfigurations = (
				378CDC742987FDE300FF1B37 /* Debug */,
				378CDC752987FDE300FF1B37 /* Release */,
			);
			defaultConfigurationIsVisible = 0;
			defaultConfigurationName = Release;
		};
/* End XCConfigurationList section */
	};
	rootObject = 378CDC572987FDE200FF1B37 /* Project object */;
}
